// !$*UTF8*$!
{
	archiveVersion = 1;
	classes = {
	};
	objectVersion = 50;
	objects = {

/* Begin PBXBuildFile section */
		3C028DF1234C771C004223E2 /* AppDelegate.m in Sources */ = {isa = PBXBuildFile; fileRef = 3C028DF0234C771C004223E2 /* AppDelegate.m */; };
		3C028DF4234C771C004223E2 /* ViewController.m in Sources */ = {isa = PBXBuildFile; fileRef = 3C028DF3234C771C004223E2 /* ViewController.m */; };
		3C028DF9234C771D004223E2 /* Assets.xcassets in Resources */ = {isa = PBXBuildFile; fileRef = 3C028DF8234C771D004223E2 /* Assets.xcassets */; };
		3C028DFF234C771D004223E2 /* main.m in Sources */ = {isa = PBXBuildFile; fileRef = 3C028DFE234C771D004223E2 /* main.m */; };
		3C028E14234C77D7004223E2 /* AFURLResponseSerialization.m in Sources */ = {isa = PBXBuildFile; fileRef = 3C028E0A234C77D7004223E2 /* AFURLResponseSerialization.m */; };
		3C028E15234C77D7004223E2 /* AFHTTPSessionManager.m in Sources */ = {isa = PBXBuildFile; fileRef = 3C028E0B234C77D7004223E2 /* AFHTTPSessionManager.m */; };
		3C028E16234C77D7004223E2 /* AFURLSessionManager.m in Sources */ = {isa = PBXBuildFile; fileRef = 3C028E0D234C77D7004223E2 /* AFURLSessionManager.m */; };
		3C028E17234C77D7004223E2 /* AFURLRequestSerialization.m in Sources */ = {isa = PBXBuildFile; fileRef = 3C028E0E234C77D7004223E2 /* AFURLRequestSerialization.m */; };
		3C028E18234C77D7004223E2 /* AFNetworkReachabilityManager.m in Sources */ = {isa = PBXBuildFile; fileRef = 3C028E10234C77D7004223E2 /* AFNetworkReachabilityManager.m */; };
		3C028E19234C77D7004223E2 /* AFSecurityPolicy.m in Sources */ = {isa = PBXBuildFile; fileRef = 3C028E11234C77D7004223E2 /* AFSecurityPolicy.m */; };
		3C028E1C234C7855004223E2 /* APIManager.m in Sources */ = {isa = PBXBuildFile; fileRef = 3C028E1B234C7855004223E2 /* APIManager.m */; };
		3C4C1E302350730600226CA4 /* ItemListModel.m in Sources */ = {isa = PBXBuildFile; fileRef = 3C4C1E2F2350730600226CA4 /* ItemListModel.m */; };
		3C4C1E332350746600226CA4 /* ItemListViewModel.m in Sources */ = {isa = PBXBuildFile; fileRef = 3C4C1E322350746600226CA4 /* ItemListViewModel.m */; };
/* End PBXBuildFile section */

/* Begin PBXFileReference section */
		3C028DEC234C771C004223E2 /* StructureDemo.app */ = {isa = PBXFileReference; explicitFileType = wrapper.application; includeInIndex = 0; path = StructureDemo.app; sourceTree = BUILT_PRODUCTS_DIR; };
		3C028DEF234C771C004223E2 /* AppDelegate.h */ = {isa = PBXFileReference; lastKnownFileType = sourcecode.c.h; path = AppDelegate.h; sourceTree = "<group>"; };
		3C028DF0234C771C004223E2 /* AppDelegate.m */ = {isa = PBXFileReference; lastKnownFileType = sourcecode.c.objc; path = AppDelegate.m; sourceTree = "<group>"; };
		3C028DF2234C771C004223E2 /* ViewController.h */ = {isa = PBXFileReference; lastKnownFileType = sourcecode.c.h; path = ViewController.h; sourceTree = "<group>"; };
		3C028DF3234C771C004223E2 /* ViewController.m */ = {isa = PBXFileReference; lastKnownFileType = sourcecode.c.objc; path = ViewController.m; sourceTree = "<group>"; };
		3C028DF8234C771D004223E2 /* Assets.xcassets */ = {isa = PBXFileReference; lastKnownFileType = folder.assetcatalog; path = Assets.xcassets; sourceTree = "<group>"; };
		3C028DFD234C771D004223E2 /* Info.plist */ = {isa = PBXFileReference; lastKnownFileType = text.plist.xml; path = Info.plist; sourceTree = "<group>"; };
		3C028DFE234C771D004223E2 /* main.m */ = {isa = PBXFileReference; lastKnownFileType = sourcecode.c.objc; path = main.m; sourceTree = "<group>"; };
		3C028E06234C77D7004223E2 /* AFSecurityPolicy.h */ = {isa = PBXFileReference; fileEncoding = 4; lastKnownFileType = sourcecode.c.h; path = AFSecurityPolicy.h; sourceTree = "<group>"; };
		3C028E07234C77D7004223E2 /* AFNetworkReachabilityManager.h */ = {isa = PBXFileReference; fileEncoding = 4; lastKnownFileType = sourcecode.c.h; path = AFNetworkReachabilityManager.h; sourceTree = "<group>"; };
		3C028E08234C77D7004223E2 /* AFURLSessionManager.h */ = {isa = PBXFileReference; fileEncoding = 4; lastKnownFileType = sourcecode.c.h; path = AFURLSessionManager.h; sourceTree = "<group>"; };
		3C028E09234C77D7004223E2 /* AFURLRequestSerialization.h */ = {isa = PBXFileReference; fileEncoding = 4; lastKnownFileType = sourcecode.c.h; path = AFURLRequestSerialization.h; sourceTree = "<group>"; };
		3C028E0A234C77D7004223E2 /* AFURLResponseSerialization.m */ = {isa = PBXFileReference; fileEncoding = 4; lastKnownFileType = sourcecode.c.objc; path = AFURLResponseSerialization.m; sourceTree = "<group>"; };
		3C028E0B234C77D7004223E2 /* AFHTTPSessionManager.m */ = {isa = PBXFileReference; fileEncoding = 4; lastKnownFileType = sourcecode.c.objc; path = AFHTTPSessionManager.m; sourceTree = "<group>"; };
		3C028E0C234C77D7004223E2 /* AFURLResponseSerialization.h */ = {isa = PBXFileReference; fileEncoding = 4; lastKnownFileType = sourcecode.c.h; path = AFURLResponseSerialization.h; sourceTree = "<group>"; };
		3C028E0D234C77D7004223E2 /* AFURLSessionManager.m */ = {isa = PBXFileReference; fileEncoding = 4; lastKnownFileType = sourcecode.c.objc; path = AFURLSessionManager.m; sourceTree = "<group>"; };
		3C028E0E234C77D7004223E2 /* AFURLRequestSerialization.m */ = {isa = PBXFileReference; fileEncoding = 4; lastKnownFileType = sourcecode.c.objc; path = AFURLRequestSerialization.m; sourceTree = "<group>"; };
		3C028E0F234C77D7004223E2 /* AFNetworking.h */ = {isa = PBXFileReference; fileEncoding = 4; lastKnownFileType = sourcecode.c.h; path = AFNetworking.h; sourceTree = "<group>"; };
		3C028E10234C77D7004223E2 /* AFNetworkReachabilityManager.m */ = {isa = PBXFileReference; fileEncoding = 4; lastKnownFileType = sourcecode.c.objc; path = AFNetworkReachabilityManager.m; sourceTree = "<group>"; };
		3C028E11234C77D7004223E2 /* AFSecurityPolicy.m */ = {isa = PBXFileReference; fileEncoding = 4; lastKnownFileType = sourcecode.c.objc; path = AFSecurityPolicy.m; sourceTree = "<group>"; };
		3C028E12234C77D7004223E2 /* AFCompatibilityMacros.h */ = {isa = PBXFileReference; fileEncoding = 4; lastKnownFileType = sourcecode.c.h; path = AFCompatibilityMacros.h; sourceTree = "<group>"; };
		3C028E13234C77D7004223E2 /* AFHTTPSessionManager.h */ = {isa = PBXFileReference; fileEncoding = 4; lastKnownFileType = sourcecode.c.h; path = AFHTTPSessionManager.h; sourceTree = "<group>"; };
		3C028E1A234C7855004223E2 /* APIManager.h */ = {isa = PBXFileReference; lastKnownFileType = sourcecode.c.h; path = APIManager.h; sourceTree = "<group>"; };
		3C028E1B234C7855004223E2 /* APIManager.m */ = {isa = PBXFileReference; lastKnownFileType = sourcecode.c.objc; path = APIManager.m; sourceTree = "<group>"; };
		3C028E27234C83F8004223E2 /* ReformerProtocol.h */ = {isa = PBXFileReference; lastKnownFileType = sourcecode.c.h; path = ReformerProtocol.h; sourceTree = "<group>"; };
		3C4C1E2E2350730600226CA4 /* ItemListModel.h */ = {isa = PBXFileReference; lastKnownFileType = sourcecode.c.h; path = ItemListModel.h; sourceTree = "<group>"; };
		3C4C1E2F2350730600226CA4 /* ItemListModel.m */ = {isa = PBXFileReference; lastKnownFileType = sourcecode.c.objc; path = ItemListModel.m; sourceTree = "<group>"; };
		3C4C1E312350746600226CA4 /* ItemListViewModel.h */ = {isa = PBXFileReference; lastKnownFileType = sourcecode.c.h; path = ItemListViewModel.h; sourceTree = "<group>"; };
		3C4C1E322350746600226CA4 /* ItemListViewModel.m */ = {isa = PBXFileReference; lastKnownFileType = sourcecode.c.objc; path = ItemListViewModel.m; sourceTree = "<group>"; };
/* End PBXFileReference section */

/* Begin PBXFrameworksBuildPhase section */
		3C028DE9234C771C004223E2 /* Frameworks */ = {
			isa = PBXFrameworksBuildPhase;
			buildActionMask = 2147483647;
			files = (
			);
			runOnlyForDeploymentPostprocessing = 0;
		};
/* End PBXFrameworksBuildPhase section */

/* Begin PBXGroup section */
		3C028DE3234C771C004223E2 = {
			isa = PBXGroup;
			children = (
				3C028DEE234C771C004223E2 /* StructureDemo */,
				3C028DED234C771C004223E2 /* Products */,
			);
			sourceTree = "<group>";
		};
		3C028DED234C771C004223E2 /* Products */ = {
			isa = PBXGroup;
			children = (
				3C028DEC234C771C004223E2 /* StructureDemo.app */,
			);
			name = Products;
			sourceTree = "<group>";
		};
		3C028DEE234C771C004223E2 /* StructureDemo */ = {
			isa = PBXGroup;
			children = (
				3C028E05234C77D7004223E2 /* AFNetworking */,
				3C028DEF234C771C004223E2 /* AppDelegate.h */,
				3C028DF0234C771C004223E2 /* AppDelegate.m */,
				3C028E23234C7E84004223E2 /* Structure */,
				3C028DF2234C771C004223E2 /* ViewController.h */,
				3C028DF3234C771C004223E2 /* ViewController.m */,
				3C4C1E2E2350730600226CA4 /* ItemListModel.h */,
				3C4C1E2F2350730600226CA4 /* ItemListModel.m */,
				3C4C1E312350746600226CA4 /* ItemListViewModel.h */,
				3C4C1E322350746600226CA4 /* ItemListViewModel.m */,
				3C028DF8234C771D004223E2 /* Assets.xcassets */,
				3C028DFD234C771D004223E2 /* Info.plist */,
				3C028DFE234C771D004223E2 /* main.m */,
			);
			path = StructureDemo;
			sourceTree = "<group>";
		};
		3C028E05234C77D7004223E2 /* AFNetworking */ = {
			isa = PBXGroup;
			children = (
				3C028E06234C77D7004223E2 /* AFSecurityPolicy.h */,
				3C028E07234C77D7004223E2 /* AFNetworkReachabilityManager.h */,
				3C028E08234C77D7004223E2 /* AFURLSessionManager.h */,
				3C028E09234C77D7004223E2 /* AFURLRequestSerialization.h */,
				3C028E0A234C77D7004223E2 /* AFURLResponseSerialization.m */,
				3C028E0B234C77D7004223E2 /* AFHTTPSessionManager.m */,
				3C028E0C234C77D7004223E2 /* AFURLResponseSerialization.h */,
				3C028E0D234C77D7004223E2 /* AFURLSessionManager.m */,
				3C028E0E234C77D7004223E2 /* AFURLRequestSerialization.m */,
				3C028E0F234C77D7004223E2 /* AFNetworking.h */,
				3C028E10234C77D7004223E2 /* AFNetworkReachabilityManager.m */,
				3C028E11234C77D7004223E2 /* AFSecurityPolicy.m */,
				3C028E12234C77D7004223E2 /* AFCompatibilityMacros.h */,
				3C028E13234C77D7004223E2 /* AFHTTPSessionManager.h */,
			);
			path = AFNetworking;
			sourceTree = "<group>";
		};
		3C028E23234C7E84004223E2 /* Structure */ = {
			isa = PBXGroup;
			children = (
				3C028E1A234C7855004223E2 /* APIManager.h */,
				3C028E1B234C7855004223E2 /* APIManager.m */,
				3C028E27234C83F8004223E2 /* ReformerProtocol.h */,
			);
			path = Structure;
			sourceTree = "<group>";
		};
/* End PBXGroup section */

/* Begin PBXNativeTarget section */
		3C028DEB234C771C004223E2 /* StructureDemo */ = {
			isa = PBXNativeTarget;
			buildConfigurationList = 3C028E02234C771D004223E2 /* Build configuration list for PBXNativeTarget "StructureDemo" */;
			buildPhases = (
				3C028DE8234C771C004223E2 /* Sources */,
				3C028DE9234C771C004223E2 /* Frameworks */,
				3C028DEA234C771C004223E2 /* Resources */,
			);
			buildRules = (
			);
			dependencies = (
			);
			name = StructureDemo;
			productName = StructureDemo;
			productReference = 3C028DEC234C771C004223E2 /* StructureDemo.app */;
			productType = "com.apple.product-type.application";
		};
/* End PBXNativeTarget section */

/* Begin PBXProject section */
		3C028DE4234C771C004223E2 /* Project object */ = {
			isa = PBXProject;
			attributes = {
				LastUpgradeCheck = 1010;
				ORGANIZATIONNAME = q.h.;
				TargetAttributes = {
					3C028DEB234C771C004223E2 = {
						CreatedOnToolsVersion = 10.1;
					};
				};
			};
			buildConfigurationList = 3C028DE7234C771C004223E2 /* Build configuration list for PBXProject "StructureDemo" */;
			compatibilityVersion = "Xcode 9.3";
			developmentRegion = en;
			hasScannedForEncodings = 0;
			knownRegions = (
				en,
				Base,
			);
			mainGroup = 3C028DE3234C771C004223E2;
			productRefGroup = 3C028DED234C771C004223E2 /* Products */;
			projectDirPath = "";
			projectRoot = "";
			targets = (
				3C028DEB234C771C004223E2 /* StructureDemo */,
			);
		};
/* End PBXProject section */

/* Begin PBXResourcesBuildPhase section */
		3C028DEA234C771C004223E2 /* Resources */ = {
			isa = PBXResourcesBuildPhase;
			buildActionMask = 2147483647;
			files = (
				3C028DF9234C771D004223E2 /* Assets.xcassets in Resources */,
			);
			runOnlyForDeploymentPostprocessing = 0;
		};
/* End PBXResourcesBuildPhase section */

/* Begin PBXSourcesBuildPhase section */
		3C028DE8234C771C004223E2 /* Sources */ = {
			isa = PBXSourcesBuildPhase;
			buildActionMask = 2147483647;
			files = (
				3C028DF4234C771C004223E2 /* ViewController.m in Sources */,
				3C028E19234C77D7004223E2 /* AFSecurityPolicy.m in Sources */,
				3C4C1E302350730600226CA4 /* ItemListModel.m in Sources */,
				3C028DFF234C771D004223E2 /* main.m in Sources */,
				3C028E15234C77D7004223E2 /* AFHTTPSessionManager.m in Sources */,
				3C028E16234C77D7004223E2 /* AFURLSessionManager.m in Sources */,
				3C4C1E332350746600226CA4 /* ItemListViewModel.m in Sources */,
				3C028E1C234C7855004223E2 /* APIManager.m in Sources */,
				3C028E14234C77D7004223E2 /* AFURLResponseSerialization.m in Sources */,
				3C028E17234C77D7004223E2 /* AFURLRequestSerialization.m in Sources */,
				3C028E18234C77D7004223E2 /* AFNetworkReachabilityManager.m in Sources */,
				3C028DF1234C771C004223E2 /* AppDelegate.m in Sources */,
			);
			runOnlyForDeploymentPostprocessing = 0;
		};
/* End PBXSourcesBuildPhase section */

/* Begin XCBuildConfiguration section */
		3C028E00234C771D004223E2 /* Debug */ = {
			isa = XCBuildConfiguration;
			buildSettings = {
				ALWAYS_SEARCH_USER_PATHS = NO;
				CLANG_ANALYZER_NONNULL = YES;
				CLANG_ANALYZER_NUMBER_OBJECT_CONVERSION = YES_AGGRESSIVE;
				CLANG_CXX_LANGUAGE_STANDARD = "gnu++14";
				CLANG_CXX_LIBRARY = "libc++";
				CLANG_ENABLE_MODULES = YES;
				CLANG_ENABLE_OBJC_ARC = YES;
				CLANG_ENABLE_OBJC_WEAK = YES;
				CLANG_WARN_BLOCK_CAPTURE_AUTORELEASING = YES;
				CLANG_WARN_BOOL_CONVERSION = YES;
				CLANG_WARN_COMMA = YES;
				CLANG_WARN_CONSTANT_CONVERSION = YES;
				CLANG_WARN_DEPRECATED_OBJC_IMPLEMENTATIONS = YES;
				CLANG_WARN_DIRECT_OBJC_ISA_USAGE = YES_ERROR;
				CLANG_WARN_DOCUMENTATION_COMMENTS = YES;
				CLANG_WARN_EMPTY_BODY = YES;
				CLANG_WARN_ENUM_CONVERSION = YES;
				CLANG_WARN_INFINITE_RECURSION = YES;
				CLANG_WARN_INT_CONVERSION = YES;
				CLANG_WARN_NON_LITERAL_NULL_CONVERSION = YES;
				CLANG_WARN_OBJC_IMPLICIT_RETAIN_SELF = YES;
				CLANG_WARN_OBJC_LITERAL_CONVERSION = YES;
				CLANG_WARN_OBJC_ROOT_CLASS = YES_ERROR;
				CLANG_WARN_RANGE_LOOP_ANALYSIS = YES;
				CLANG_WARN_STRICT_PROTOTYPES = YES;
				CLANG_WARN_SUSPICIOUS_MOVE = YES;
				CLANG_WARN_UNGUARDED_AVAILABILITY = YES_AGGRESSIVE;
				CLANG_WARN_UNREACHABLE_CODE = YES;
				CLANG_WARN__DUPLICATE_METHOD_MATCH = YES;
				CODE_SIGN_IDENTITY = "iPhone Developer";
				COPY_PHASE_STRIP = NO;
				DEBUG_INFORMATION_FORMAT = dwarf;
				ENABLE_STRICT_OBJC_MSGSEND = YES;
				ENABLE_TESTABILITY = YES;
				GCC_C_LANGUAGE_STANDARD = gnu11;
				GCC_DYNAMIC_NO_PIC = NO;
				GCC_NO_COMMON_BLOCKS = YES;
				GCC_OPTIMIZATION_LEVEL = 0;
				GCC_PREPROCESSOR_DEFINITIONS = (
					"DEBUG=1",
					"$(inherited)",
				);
				GCC_WARN_64_TO_32_BIT_CONVERSION = YES;
				GCC_WARN_ABOUT_RETURN_TYPE = YES_ERROR;
				GCC_WARN_UNDECLARED_SELECTOR = YES;
				GCC_WARN_UNINITIALIZED_AUTOS = YES_AGGRESSIVE;
				GCC_WARN_UNUSED_FUNCTION = YES;
				GCC_WARN_UNUSED_VARIABLE = YES;
				IPHONEOS_DEPLOYMENT_TARGET = 12.1;
				MTL_ENABLE_DEBUG_INFO = INCLUDE_SOURCE;
				MTL_FAST_MATH = YES;
				ONLY_ACTIVE_ARCH = YES;
				SDKROOT = iphoneos;
			};
			name = Debug;
		};
		3C028E01234C771D004223E2 /* Release */ = {
			isa = XCBuildConfiguration;
			buildSettings = {
				ALWAYS_SEARCH_USER_PATHS = NO;
				CLANG_ANALYZER_NONNULL = YES;
				CLANG_ANALYZER_NUMBER_OBJECT_CONVERSION = YES_AGGRESSIVE;
				CLANG_CXX_LANGUAGE_STANDARD = "gnu++14";
				CLANG_CXX_LIBRARY = "libc++";
				CLANG_ENABLE_MODULES = YES;
				CLANG_ENABLE_OBJC_ARC = YES;
				CLANG_ENABLE_OBJC_WEAK = YES;
				CLANG_WARN_BLOCK_CAPTURE_AUTORELEASING = YES;
				CLANG_WARN_BOOL_CONVERSION = YES;
				CLANG_WARN_COMMA = YES;
				CLANG_WARN_CONSTANT_CONVERSION = YES;
				CLANG_WARN_DEPRECATED_OBJC_IMPLEMENTATIONS = YES;
				CLANG_WARN_DIRECT_OBJC_ISA_USAGE = YES_ERROR;
				CLANG_WARN_DOCUMENTATION_COMMENTS = YES;
				CLANG_WARN_EMPTY_BODY = YES;
				CLANG_WARN_ENUM_CONVERSION = YES;
				CLANG_WARN_INFINITE_RECURSION = YES;
				CLANG_WARN_INT_CONVERSION = YES;
				CLANG_WARN_NON_LITERAL_NULL_CONVERSION = YES;
				CLANG_WARN_OBJC_IMPLICIT_RETAIN_SELF = YES;
				CLANG_WARN_OBJC_LITERAL_CONVERSION = YES;
				CLANG_WARN_OBJC_ROOT_CLASS = YES_ERROR;
				CLANG_WARN_RANGE_LOOP_ANALYSIS = YES;
				CLANG_WARN_STRICT_PROTOTYPES = YES;
				CLANG_WARN_SUSPICIOUS_MOVE = YES;
				CLANG_WARN_UNGUARDED_AVAILABILITY = YES_AGGRESSIVE;
				CLANG_WARN_UNREACHABLE_CODE = YES;
				CLANG_WARN__DUPLICATE_METHOD_MATCH = YES;
				CODE_SIGN_IDENTITY = "iPhone Developer";
				COPY_PHASE_STRIP = NO;
				DEBUG_INFORMATION_FORMAT = "dwarf-with-dsym";
				ENABLE_NS_ASSERTIONS = NO;
				ENABLE_STRICT_OBJC_MSGSEND = YES;
				GCC_C_LANGUAGE_STANDARD = gnu11;
				GCC_NO_COMMON_BLOCKS = YES;
				GCC_WARN_64_TO_32_BIT_CONVERSION = YES;
				GCC_WARN_ABOUT_RETURN_TYPE = YES_ERROR;
				GCC_WARN_UNDECLARED_SELECTOR = YES;
				GCC_WARN_UNINITIALIZED_AUTOS = YES_AGGRESSIVE;
				GCC_WARN_UNUSED_FUNCTION = YES;
				GCC_WARN_UNUSED_VARIABLE = YES;
				IPHONEOS_DEPLOYMENT_TARGET = 12.1;
				MTL_ENABLE_DEBUG_INFO = NO;
				MTL_FAST_MATH = YES;
				SDKROOT = iphoneos;
				VALIDATE_PRODUCT = YES;
			};
			name = Release;
		};
		3C028E03234C771D004223E2 /* Debug */ = {
			isa = XCBuildConfiguration;
			buildSettings = {
				ASSETCATALOG_COMPILER_APPICON_NAME = AppIcon;
				ASSETCATALOG_COMPILER_LAUNCHIMAGE_NAME = LaunchImage;
				CODE_SIGN_STYLE = Manual;
				DEVELOPMENT_TEAM = "";
				INFOPLIST_FILE = StructureDemo/Info.plist;
				LD_RUNPATH_SEARCH_PATHS = (
					"$(inherited)",
					"@executable_path/Frameworks",
				);
				PRODUCT_BUNDLE_IDENTIFIER = wang.com.StructureDemo;
				PRODUCT_NAME = "$(TARGET_NAME)";
				PROVISIONING_PROFILE_SPECIFIER = "";
				TARGETED_DEVICE_FAMILY = "1,2";
			};
			name = Debug;
		};
		3C028E04234C771D004223E2 /* Release */ = {
			isa = XCBuildConfiguration;
			buildSettings = {
				ASSETCATALOG_COMPILER_APPICON_NAME = AppIcon;
				ASSETCATALOG_COMPILER_LAUNCHIMAGE_NAME = LaunchImage;
				CODE_SIGN_STYLE = Manual;
				DEVELOPMENT_TEAM = "";
				INFOPLIST_FILE = StructureDemo/Info.plist;
				LD_RUNPATH_SEARCH_PATHS = (
					"$(inherited)",
					"@executable_path/Frameworks",
				);
				PRODUCT_BUNDLE_IDENTIFIER = wang.com.StructureDemo;
				PRODUCT_NAME = "$(TARGET_NAME)";
				PROVISIONING_PROFILE_SPECIFIER = "";
				TARGETED_DEVICE_FAMILY = "1,2";
			};
			name = Release;
		};
/* End XCBuildConfiguration section */

/* Begin XCConfigurationList section */
		3C028DE7234C771C004223E2 /* Build configuration list for PBXProject "StructureDemo" */ = {
			isa = XCConfigurationList;
			buildConfigurations = (
				3C028E00234C771D004223E2 /* Debug */,
				3C028E01234C771D004223E2 /* Release */,
			);
			defaultConfigurationIsVisible = 0;
			defaultConfigurationName = Release;
		};
		3C028E02234C771D004223E2 /* Build configuration list for PBXNativeTarget "StructureDemo" */ = {
			isa = XCConfigurationList;
			buildConfigurations = (
				3C028E03234C771D004223E2 /* Debug */,
				3C028E04234C771D004223E2 /* Release */,
			);
			defaultConfigurationIsVisible = 0;
			defaultConfigurationName = Release;
		};
/* End XCConfigurationList section */
	};
	rootObject = 3C028DE4234C771C004223E2 /* Project object */;
}
